
Microsoft Visual Studio Solution File, Format Version 12.00
# Visual Studio Version 16
VisualStudioVersion = 16.0.30114.105
MinimumVisualStudioVersion = 10.0.40219.1
Project("{2150E333-8FDC-42A3-9474-1A3956D46DE8}") = "src", "src", "{58964A17-209A-40A3-A0B6-E1F205107251}"
EndProject
Project("{9A19103F-16F7-4668-BE54-9A1E7A4F7556}") = "Core", "src\Core\Core.csproj", "{998B3829-4A6F-4618-8AC2-FE571F166D5A}"
EndProject
Project("{9A19103F-16F7-4668-BE54-9A1E7A4F7556}") = "Entities", "src\Entities\Entities.csproj", "{E6D18701-06C0-49E7-B8DC-7BA970809620}"
EndProject
Project("{9A19103F-16F7-4668-BE54-9A1E7A4F7556}") = "Dtos", "src\Dtos\Dtos.csproj", "{65740805-9D24-43B6-B2A3-4DBDBF96B554}"
EndProject
Project("{9A19103F-16F7-4668-BE54-9A1E7A4F7556}") = "WebApi", "src\WebApi\WebApi.csproj", "{25225C75-7A46-468E-8AB2-762D0D2A1E65}"
EndProject
Project("{9A19103F-16F7-4668-BE54-9A1E7A4F7556}") = "Data", "src\Data\Data.csproj", "{BA61ADC2-D2FC-4D4C-978D-8EC3AF15672D}"
EndProject
Project("{9A19103F-16F7-4668-BE54-9A1E7A4F7556}") = "Core.Abstractions", "src\Core.Abstractions\Core.Abstractions.csproj", "{49DE7EC2-320B-4CEA-AD5B-69AED43FC27A}"
EndProject
Project("{2150E333-8FDC-42A3-9474-1A3956D46DE8}") = "tests", "tests", "{7C2CF5D7-46F3-4707-9D04-13AEBDE777EB}"
EndProject
Project("{9A19103F-16F7-4668-BE54-9A1E7A4F7556}") = "Core.UnitTests", "tests\Core.UnitTests\Core.UnitTests.csproj", "{D77BDAD5-D2E6-4317-83F3-8B5C99615CAB}"
EndProject
Project("{9A19103F-16F7-4668-BE54-9A1E7A4F7556}") = "WebApi.IntegrationTests", "tests\WebApi.IntegrationTests\WebApi.IntegrationTests.csproj", "{B9C21EC9-593B-4E2E-BD97-C4BA503526DA}"
EndProject
Global
	GlobalSection(SolutionConfigurationPlatforms) = preSolution
		Debug|Any CPU = Debug|Any CPU
		Debug|x64 = Debug|x64
		Debug|x86 = Debug|x86
		Release|Any CPU = Release|Any CPU
		Release|x64 = Release|x64
		Release|x86 = Release|x86
	EndGlobalSection
	GlobalSection(ProjectConfigurationPlatforms) = postSolution
		{998B3829-4A6F-4618-8AC2-FE571F166D5A}.Debug|Any CPU.ActiveCfg = Debug|Any CPU
		{998B3829-4A6F-4618-8AC2-FE571F166D5A}.Debug|Any CPU.Build.0 = Debug|Any CPU
		{998B3829-4A6F-4618-8AC2-FE571F166D5A}.Debug|x64.ActiveCfg = Debug|Any CPU
		{998B3829-4A6F-4618-8AC2-FE571F166D5A}.Debug|x64.Build.0 = Debug|Any CPU
		{998B3829-4A6F-4618-8AC2-FE571F166D5A}.Debug|x86.ActiveCfg = Debug|Any CPU
		{998B3829-4A6F-4618-8AC2-FE571F166D5A}.Debug|x86.Build.0 = Debug|Any CPU
		{998B3829-4A6F-4618-8AC2-FE571F166D5A}.Release|Any CPU.ActiveCfg = Release|Any CPU
		{998B3829-4A6F-4618-8AC2-FE571F166D5A}.Release|Any CPU.Build.0 = Release|Any CPU
		{998B3829-4A6F-4618-8AC2-FE571F166D5A}.Release|x64.ActiveCfg = Release|Any CPU
		{998B3829-4A6F-4618-8AC2-FE571F166D5A}.Release|x64.Build.0 = Release|Any CPU
		{998B3829-4A6F-4618-8AC2-FE571F166D5A}.Release|x86.ActiveCfg = Release|Any CPU
		{998B3829-4A6F-4618-8AC2-FE571F166D5A}.Release|x86.Build.0 = Release|Any CPU
		{E6D18701-06C0-49E7-B8DC-7BA970809620}.Debug|Any CPU.ActiveCfg = Debug|Any CPU
		{E6D18701-06C0-49E7-B8DC-7BA970809620}.Debug|Any CPU.Build.0 = Debug|Any CPU
		{E6D18701-06C0-49E7-B8DC-7BA970809620}.Debug|x64.ActiveCfg = Debug|Any CPU
		{E6D18701-06C0-49E7-B8DC-7BA970809620}.Debug|x64.Build.0 = Debug|Any CPU
		{E6D18701-06C0-49E7-B8DC-7BA970809620}.Debug|x86.ActiveCfg = Debug|Any CPU
		{E6D18701-06C0-49E7-B8DC-7BA970809620}.Debug|x86.Build.0 = Debug|Any CPU
		{E6D18701-06C0-49E7-B8DC-7BA970809620}.Release|Any CPU.ActiveCfg = Release|Any CPU
		{E6D18701-06C0-49E7-B8DC-7BA970809620}.Release|Any CPU.Build.0 = Release|Any CPU
		{E6D18701-06C0-49E7-B8DC-7BA970809620}.Release|x64.ActiveCfg = Release|Any CPU
		{E6D18701-06C0-49E7-B8DC-7BA970809620}.Release|x64.Build.0 = Release|Any CPU
		{E6D18701-06C0-49E7-B8DC-7BA970809620}.Release|x86.ActiveCfg = Release|Any CPU
		{E6D18701-06C0-49E7-B8DC-7BA970809620}.Release|x86.Build.0 = Release|Any CPU
		{65740805-9D24-43B6-B2A3-4DBDBF96B554}.Debug|Any CPU.ActiveCfg = Debug|Any CPU
		{65740805-9D24-43B6-B2A3-4DBDBF96B554}.Debug|Any CPU.Build.0 = Debug|Any CPU
		{65740805-9D24-43B6-B2A3-4DBDBF96B554}.Debug|x64.ActiveCfg = Debug|Any CPU
		{65740805-9D24-43B6-B2A3-4DBDBF96B554}.Debug|x64.Build.0 = Debug|Any CPU
		{65740805-9D24-43B6-B2A3-4DBDBF96B554}.Debug|x86.ActiveCfg = Debug|Any CPU
		{65740805-9D24-43B6-B2A3-4DBDBF96B554}.Debug|x86.Build.0 = Debug|Any CPU
		{65740805-9D24-43B6-B2A3-4DBDBF96B554}.Release|Any CPU.ActiveCfg = Release|Any CPU
		{65740805-9D24-43B6-B2A3-4DBDBF96B554}.Release|Any CPU.Build.0 = Release|Any CPU
		{65740805-9D24-43B6-B2A3-4DBDBF96B554}.Release|x64.ActiveCfg = Release|Any CPU
		{65740805-9D24-43B6-B2A3-4DBDBF96B554}.Release|x64.Build.0 = Release|Any CPU
		{65740805-9D24-43B6-B2A3-4DBDBF96B554}.Release|x86.ActiveCfg = Release|Any CPU
		{65740805-9D24-43B6-B2A3-4DBDBF96B554}.Release|x86.Build.0 = Release|Any CPU
		{25225C75-7A46-468E-8AB2-762D0D2A1E65}.Debug|Any CPU.ActiveCfg = Debug|Any CPU
		{25225C75-7A46-468E-8AB2-762D0D2A1E65}.Debug|Any CPU.Build.0 = Debug|Any CPU
		{25225C75-7A46-468E-8AB2-762D0D2A1E65}.Debug|x64.ActiveCfg = Debug|Any CPU
		{25225C75-7A46-468E-8AB2-762D0D2A1E65}.Debug|x64.Build.0 = Debug|Any CPU
		{25225C75-7A46-468E-8AB2-762D0D2A1E65}.Debug|x86.ActiveCfg = Debug|Any CPU
		{25225C75-7A46-468E-8AB2-762D0D2A1E65}.Debug|x86.Build.0 = Debug|Any CPU
		{25225C75-7A46-468E-8AB2-762D0D2A1E65}.Release|Any CPU.ActiveCfg = Release|Any CPU
		{25225C75-7A46-468E-8AB2-762D0D2A1E65}.Release|Any CPU.Build.0 = Release|Any CPU
		{25225C75-7A46-468E-8AB2-762D0D2A1E65}.Release|x64.ActiveCfg = Release|Any CPU
		{25225C75-7A46-468E-8AB2-762D0D2A1E65}.Release|x64.Build.0 = Release|Any CPU
		{25225C75-7A46-468E-8AB2-762D0D2A1E65}.Release|x86.ActiveCfg = Release|Any CPU
		{25225C75-7A46-468E-8AB2-762D0D2A1E65}.Release|x86.Build.0 = Release|Any CPU
		{BA61ADC2-D2FC-4D4C-978D-8EC3AF15672D}.Debug|Any CPU.ActiveCfg = Debug|Any CPU
		{BA61ADC2-D2FC-4D4C-978D-8EC3AF15672D}.Debug|Any CPU.Build.0 = Debug|Any CPU
		{BA61ADC2-D2FC-4D4C-978D-8EC3AF15672D}.Debug|x64.ActiveCfg = Debug|Any CPU
		{BA61ADC2-D2FC-4D4C-978D-8EC3AF15672D}.Debug|x64.Build.0 = Debug|Any CPU
		{BA61ADC2-D2FC-4D4C-978D-8EC3AF15672D}.Debug|x86.ActiveCfg = Debug|Any CPU
		{BA61ADC2-D2FC-4D4C-978D-8EC3AF15672D}.Debug|x86.Build.0 = Debug|Any CPU
		{BA61ADC2-D2FC-4D4C-978D-8EC3AF15672D}.Release|Any CPU.ActiveCfg = Release|Any CPU
		{BA61ADC2-D2FC-4D4C-978D-8EC3AF15672D}.Release|Any CPU.Build.0 = Release|Any CPU
		{BA61ADC2-D2FC-4D4C-978D-8EC3AF15672D}.Release|x64.ActiveCfg = Release|Any CPU
		{BA61ADC2-D2FC-4D4C-978D-8EC3AF15672D}.Release|x64.Build.0 = Release|Any CPU
		{BA61ADC2-D2FC-4D4C-978D-8EC3AF15672D}.Release|x86.ActiveCfg = Release|Any CPU
		{BA61ADC2-D2FC-4D4C-978D-8EC3AF15672D}.Release|x86.Build.0 = Release|Any CPU
		{49DE7EC2-320B-4CEA-AD5B-69AED43FC27A}.Debug|Any CPU.ActiveCfg = Debug|Any CPU
		{49DE7EC2-320B-4CEA-AD5B-69AED43FC27A}.Debug|Any CPU.Build.0 = Debug|Any CPU
		{49DE7EC2-320B-4CEA-AD5B-69AED43FC27A}.Debug|x64.ActiveCfg = Debug|Any CPU
		{49DE7EC2-320B-4CEA-AD5B-69AED43FC27A}.Debug|x64.Build.0 = Debug|Any CPU
		{49DE7EC2-320B-4CEA-AD5B-69AED43FC27A}.Debug|x86.ActiveCfg = Debug|Any CPU
		{49DE7EC2-320B-4CEA-AD5B-69AED43FC27A}.Debug|x86.Build.0 = Debug|Any CPU
		{49DE7EC2-320B-4CEA-AD5B-69AED43FC27A}.Release|Any CPU.ActiveCfg = Release|Any CPU
		{49DE7EC2-320B-4CEA-AD5B-69AED43FC27A}.Release|Any CPU.Build.0 = Release|Any CPU
		{49DE7EC2-320B-4CEA-AD5B-69AED43FC27A}.Release|x64.ActiveCfg = Release|Any CPU
		{49DE7EC2-320B-4CEA-AD5B-69AED43FC27A}.Release|x64.Build.0 = Release|Any CPU
		{49DE7EC2-320B-4CEA-AD5B-69AED43FC27A}.Release|x86.ActiveCfg = Release|Any CPU
		{49DE7EC2-320B-4CEA-AD5B-69AED43FC27A}.Release|x86.Build.0 = Release|Any CPU
		{D77BDAD5-D2E6-4317-83F3-8B5C99615CAB}.Debug|Any CPU.ActiveCfg = Debug|Any CPU
		{D77BDAD5-D2E6-4317-83F3-8B5C99615CAB}.Debug|Any CPU.Build.0 = Debug|Any CPU
		{D77BDAD5-D2E6-4317-83F3-8B5C99615CAB}.Debug|x64.ActiveCfg = Debug|Any CPU
		{D77BDAD5-D2E6-4317-83F3-8B5C99615CAB}.Debug|x64.Build.0 = Debug|Any CPU
		{D77BDAD5-D2E6-4317-83F3-8B5C99615CAB}.Debug|x86.ActiveCfg = Debug|Any CPU
		{D77BDAD5-D2E6-4317-83F3-8B5C99615CAB}.Debug|x86.Build.0 = Debug|Any CPU
		{D77BDAD5-D2E6-4317-83F3-8B5C99615CAB}.Release|Any CPU.ActiveCfg = Release|Any CPU
		{D77BDAD5-D2E6-4317-83F3-8B5C99615CAB}.Release|Any CPU.Build.0 = Release|Any CPU
		{D77BDAD5-D2E6-4317-83F3-8B5C99615CAB}.Release|x64.ActiveCfg = Release|Any CPU
		{D77BDAD5-D2E6-4317-83F3-8B5C99615CAB}.Release|x64.Build.0 = Release|Any CPU
		{D77BDAD5-D2E6-4317-83F3-8B5C99615CAB}.Release|x86.ActiveCfg = Release|Any CPU
		{D77BDAD5-D2E6-4317-83F3-8B5C99615CAB}.Release|x86.Build.0 = Release|Any CPU
		{B9C21EC9-593B-4E2E-BD97-C4BA503526DA}.Debug|Any CPU.ActiveCfg = Debug|Any CPU
		{B9C21EC9-593B-4E2E-BD97-C4BA503526DA}.Debug|Any CPU.Build.0 = Debug|Any CPU
		{B9C21EC9-593B-4E2E-BD97-C4BA503526DA}.Debug|x64.ActiveCfg = Debug|Any CPU
		{B9C21EC9-593B-4E2E-BD97-C4BA503526DA}.Debug|x64.Build.0 = Debug|Any CPU
		{B9C21EC9-593B-4E2E-BD97-C4BA503526DA}.Debug|x86.ActiveCfg = Debug|Any CPU
		{B9C21EC9-593B-4E2E-BD97-C4BA503526DA}.Debug|x86.Build.0 = Debug|Any CPU
		{B9C21EC9-593B-4E2E-BD97-C4BA503526DA}.Release|Any CPU.ActiveCfg = Release|Any CPU
		{B9C21EC9-593B-4E2E-BD97-C4BA503526DA}.Release|Any CPU.Build.0 = Release|Any CPU
		{B9C21EC9-593B-4E2E-BD97-C4BA503526DA}.Release|x64.ActiveCfg = Release|Any CPU
		{B9C21EC9-593B-4E2E-BD97-C4BA503526DA}.Release|x64.Build.0 = Release|Any CPU
		{B9C21EC9-593B-4E2E-BD97-C4BA503526DA}.Release|x86.ActiveCfg = Release|Any CPU
		{B9C21EC9-593B-4E2E-BD97-C4BA503526DA}.Release|x86.Build.0 = Release|Any CPU
	EndGlobalSection
	GlobalSection(SolutionProperties) = preSolution
		HideSolutionNode = FALSE
	EndGlobalSection
	GlobalSection(NestedProjects) = preSolution
		{998B3829-4A6F-4618-8AC2-FE571F166D5A} = {58964A17-209A-40A3-A0B6-E1F205107251}
		{E6D18701-06C0-49E7-B8DC-7BA970809620} = {58964A17-209A-40A3-A0B6-E1F205107251}
		{65740805-9D24-43B6-B2A3-4DBDBF96B554} = {58964A17-209A-40A3-A0B6-E1F205107251}
		{25225C75-7A46-468E-8AB2-762D0D2A1E65} = {58964A17-209A-40A3-A0B6-E1F205107251}
		{BA61ADC2-D2FC-4D4C-978D-8EC3AF15672D} = {58964A17-209A-40A3-A0B6-E1F205107251}
		{49DE7EC2-320B-4CEA-AD5B-69AED43FC27A} = {58964A17-209A-40A3-A0B6-E1F205107251}
		{D77BDAD5-D2E6-4317-83F3-8B5C99615CAB} = {7C2CF5D7-46F3-4707-9D04-13AEBDE777EB}
		{B9C21EC9-593B-4E2E-BD97-C4BA503526DA} = {7C2CF5D7-46F3-4707-9D04-13AEBDE777EB}
	EndGlobalSection
	GlobalSection(ExtensibilityGlobals) = postSolution
		SolutionGuid = {6554C38D-1EC2-42FF-97DC-E39FC69E9E3C}
	EndGlobalSection
EndGlobal
